
Microsoft Visual Studio Solution File, Format Version 12.00
# Visual Studio Version 17
VisualStudioVersion = 17.0.32002.185
MinimumVisualStudioVersion = 10.0.40219.1
Project("{9A19103F-16F7-4668-BE54-9A1E7A4F7556}") = "VncClass", "VncClass\VncClass.csproj", "{93FC347B-2F57-4E8F-BBB0-51FA0E8742DC}"
EndProject
Project("{9A19103F-16F7-4668-BE54-9A1E7A4F7556}") = "VncClassManager", "VncClassManager\VncClassManager.csproj", "{714081A2-7492-431B-8B94-80D7FC268BC9}"
EndProject
Global
	GlobalSection(SolutionConfigurationPlatforms) = preSolution
		Debug|Any CPU = Debug|Any CPU
		Release|Any CPU = Release|Any CPU
	EndGlobalSection
	GlobalSection(ProjectConfigurationPlatforms) = postSolution
		{93FC347B-2F57-4E8F-BBB0-51FA0E8742DC}.Debug|Any CPU.ActiveCfg = Debug|Any CPU
		{93FC347B-2F57-4E8F-BBB0-51FA0E8742DC}.Debug|Any CPU.Build.0 = Debug|Any CPU
		{93FC347B-2F57-4E8F-BBB0-51FA0E8742DC}.Release|Any CPU.ActiveCfg = Release|Any CPU
		{93FC347B-2F57-4E8F-BBB0-51FA0E8742DC}.Release|Any CPU.Build.0 = Release|Any CPU
		{714081A2-7492-431B-8B94-80D7FC268BC9}.Debug|Any CPU.ActiveCfg = Debug|Any CPU
		{714081A2-7492-431B-8B94-80D7FC268BC9}.Debug|Any CPU.Build.0 = Debug|Any CPU
		{714081A2-7492-431B-8B94-80D7FC268BC9}.Release|Any CPU.ActiveCfg = Release|Any CPU
		{714081A2-7492-431B-8B94-80D7FC268BC9}.Release|Any CPU.Build.0 = Release|Any CPU
	EndGlobalSection
	GlobalSection(SolutionProperties) = preSolution
		HideSolutionNode = FALSE
	EndGlobalSection
	GlobalSection(ExtensibilityGlobals) = postSolution
		SolutionGuid = {614B1C71-77B3-4A20-B508-0DF1263517B8}
	EndGlobalSection
EndGlobal
